schema: '2.0'
stages:
  complete-pypi:
    cmd: datazimmer run-step complete-pypi
    deps:
    - path: src/pypi.py
      md5: 178dc88e309080ad8d6bf90a02e683c3
      size: 761
    outs:
    - path: data/softwaredata/pypi/complete
      md5: be099f5601a5c10e803d7a84a343bb85.dir
      size: 553420
      nfiles: 1
