schema: '2.0'
stages:
  complete-pypi:
    cmd: dz run-step complete-pypi
    deps:
    - path: src/pypi.py
      md5: 1117d2d99985ef1a63ce87530befd8f2
      size: 756
    outs:
    - path: data/softwaredata/pypi/complete
      md5: 9d0e90a02099253f483e7e8aa1f790f6.dir
      size: 550147
      nfiles: 1
